
Microsoft Visual Studio Solution File, Format Version 12.00
# Visual Studio Version 17
VisualStudioVersion = 17.14.36212.18 d17.14
MinimumVisualStudioVersion = 10.0.40219.1
Project("{FAE04EC0-301F-11D3-BF4B-00C04F79EFBC}") = "cadastroClienteProva.forms", "cadastroClienteProva.forms\cadastroClienteProva.forms.csproj", "{F6C674DA-C254-4CB5-A9E2-DC4DD2776FD0}"
EndProject
Global
	GlobalSection(SolutionConfigurationPlatforms) = preSolution
		Debug|Any CPU = Debug|Any CPU
		Release|Any CPU = Release|Any CPU
	EndGlobalSection
	GlobalSection(ProjectConfigurationPlatforms) = postSolution
		{F6C674DA-C254-4CB5-A9E2-DC4DD2776FD0}.Debug|Any CPU.ActiveCfg = Debug|Any CPU
		{F6C674DA-C254-4CB5-A9E2-DC4DD2776FD0}.Debug|Any CPU.Build.0 = Debug|Any CPU
		{F6C674DA-C254-4CB5-A9E2-DC4DD2776FD0}.Release|Any CPU.ActiveCfg = Release|Any CPU
		{F6C674DA-C254-4CB5-A9E2-DC4DD2776FD0}.Release|Any CPU.Build.0 = Release|Any CPU
	EndGlobalSection
	GlobalSection(SolutionProperties) = preSolution
		HideSolutionNode = FALSE
	EndGlobalSection
	GlobalSection(ExtensibilityGlobals) = postSolution
		SolutionGuid = {1472D2B8-A2CD-4632-B41A-72D6140100CA}
	EndGlobalSection
EndGlobal
